
Microsoft Visual Studio Solution File, Format Version 12.00
# Visual Studio 2013
VisualStudioVersion = 12.0.40629.0
MinimumVisualStudioVersion = 10.0.40219.1
Project("{FAE04EC0-301F-11D3-BF4B-00C04F79EFBC}") = "MotManager.UI", "MotManager.UI\MotManager.UI.csproj", "{2BB5BC0B-A472-49A2-959E-1E185F3C6DE4}"
EndProject
Project("{FAE04EC0-301F-11D3-BF4B-00C04F79EFBC}") = "MotManager.UI.Tests", "MotManager.UI.Tests\MotManager.UI.Tests.csproj", "{35673FCE-2C84-4E66-818D-3E0866908243}"
EndProject
Global
	GlobalSection(SolutionConfigurationPlatforms) = preSolution
		Debug|Any CPU = Debug|Any CPU
		Release|Any CPU = Release|Any CPU
	EndGlobalSection
	GlobalSection(ProjectConfigurationPlatforms) = postSolution
		{2BB5BC0B-A472-49A2-959E-1E185F3C6DE4}.Debug|Any CPU.ActiveCfg = Debug|Any CPU
		{2BB5BC0B-A472-49A2-959E-1E185F3C6DE4}.Debug|Any CPU.Build.0 = Debug|Any CPU
		{2BB5BC0B-A472-49A2-959E-1E185F3C6DE4}.Release|Any CPU.ActiveCfg = Release|Any CPU
		{2BB5BC0B-A472-49A2-959E-1E185F3C6DE4}.Release|Any CPU.Build.0 = Release|Any CPU
		{35673FCE-2C84-4E66-818D-3E0866908243}.Debug|Any CPU.ActiveCfg = Debug|Any CPU
		{35673FCE-2C84-4E66-818D-3E0866908243}.Debug|Any CPU.Build.0 = Debug|Any CPU
		{35673FCE-2C84-4E66-818D-3E0866908243}.Release|Any CPU.ActiveCfg = Release|Any CPU
		{35673FCE-2C84-4E66-818D-3E0866908243}.Release|Any CPU.Build.0 = Release|Any CPU
	EndGlobalSection
	GlobalSection(SolutionProperties) = preSolution
		HideSolutionNode = FALSE
	EndGlobalSection
EndGlobal
